PODS:
  - Alamofire (3.4.1)
  - Bolts (1.8.4):
    - Bolts/AppLinks (= 1.8.4)
    - Bolts/Tasks (= 1.8.4)
  - Bolts/AppLinks (1.8.4):
    - Bolts/Tasks
  - Bolts/Tasks (1.8.4)
  - ChameleonFramework/Default (2.1.0)
  - ChameleonFramework/Swift (2.1.0):
    - ChameleonFramework/Default
  - FBSDKCoreKit (4.14.0):
    - Bolts (~> 1.7)
  - FBSDKLoginKit (4.14.0):
    - FBSDKCoreKit
  - Firebase (3.4.0):
    - Firebase/Core (= 3.4.0)
  - Firebase/Analytics (3.4.0):
    - FirebaseAnalytics (~> 3.3)
  - Firebase/Auth (3.4.0):
    - Firebase/Analytics
    - FirebaseAuth (= 3.0.4)
  - Firebase/Core (3.4.0):
    - Firebase/Analytics
  - Firebase/Database (3.4.0):
    - Firebase/Analytics
    - FirebaseDatabase (= 3.0.2)
  - FirebaseAnalytics (3.3.0):
    - FirebaseInstanceID (~> 1.0)
    - GoogleInterchangeUtilities (~> 1.2)
    - GoogleSymbolUtilities (~> 1.1)
    - GoogleUtilities (~> 1.2)
  - FirebaseAuth (3.0.4):
    - FirebaseAnalytics (~> 3.2)
    - GoogleNetworkingUtilities (~> 1.2)
    - GoogleParsingUtilities (~> 1.1)
    - GoogleUtilities (~> 1.2)
  - FirebaseDatabase (3.0.2):
    - FirebaseAnalytics (~> 3.2)
  - FirebaseInstanceID (1.0.8)
  - Former (1.3.0)
  - Google/Core (3.0.3):
    - FirebaseAnalytics (~> 3.2)
  - Google/SignIn (3.0.3):
    - Google/Core
    - GoogleSignIn (~> 4.0)
  - GoogleAppUtilities (1.1.1):
    - GoogleSymbolUtilities (~> 1.0)
  - GoogleAuthUtilities (2.0.1):
    - GoogleNetworkingUtilities (~> 1.0)
    - GoogleSymbolUtilities (~> 1.0)
  - GoogleInterchangeUtilities (1.2.1):
    - GoogleSymbolUtilities (~> 1.0)
  - GoogleNetworkingUtilities (1.2.1):
    - GoogleSymbolUtilities (~> 1.0)
  - GoogleParsingUtilities (1.1.1):
    - GoogleNetworkingUtilities (~> 1.0)
    - GoogleSymbolUtilities (~> 1.0)
  - GoogleSignIn (4.0.0):
    - GoogleAppUtilities (~> 1.1)
    - GoogleAuthUtilities (~> 2.0)
    - GoogleNetworkingUtilities (~> 1.2)
    - GoogleUtilities (~> 1.3)
  - GoogleSymbolUtilities (1.1.1)
  - GoogleUtilities (1.3.1):
    - GoogleSymbolUtilities (~> 1.0)
  - PureLayout (3.0.2)
  - SnapKit (0.22.0)
  - SwiftFontName (2.0.0)
  - SwiftyButton (0.4.0):
    - SwiftyButton/CustomContent (= 0.4.0)
  - SwiftyButton/CustomContent (0.4.0):
    - PureLayout (~> 3.0)
  - SwiftyJSON (2.3.2)
  - USStatesColorMap (1.0.0)

DEPENDENCIES:
  - Alamofire
  - ChameleonFramework/Swift
  - FBSDKLoginKit
  - Firebase
  - Firebase/Auth
  - Firebase/Database
  - Former
  - Google/SignIn
  - SnapKit
  - SwiftFontName (~> 2.0.0)
  - SwiftyButton
  - SwiftyJSON
  - USStatesColorMap

SPEC CHECKSUMS:
  Alamofire: 01a82e2f6c0f860ade35534c8dd88be61bdef40c
  Bolts: 8a7995239dbe724f9cba2248b766d48b7ebdd322
  ChameleonFramework: d21a3cc247abfe5e37609a283a8238b03575cf64
  FBSDKCoreKit: 6e020b5db0b5bd1e01f5fb0902131befd129a502
  FBSDKLoginKit: da563567a108050ef83739c8c8c001ee9e25fa13
  Firebase: 754562547af419cc2f4b15247fee419081924bc2
  FirebaseAnalytics: 228be2991cb28efb96cdafc4d62f64680e615c69
  FirebaseAuth: 26fd291c3b552fc9658420b867520d5ae080421c
  FirebaseDatabase: 59bea2e7dfd81b3b8b2f8e396caf1a52c2ced6f7
  FirebaseInstanceID: ba1e640935235e5fac39dfa816fe7660e72e1a8a
  Former: 7380ef3b9bdb3bf43d9f0fe99e369987d3068705
  Google: 813c467362eabc11385f5a5cc9ad0cb651a58f4e
  GoogleAppUtilities: f1730f91f67767b453c289577040dd3f425ffdc7
  GoogleAuthUtilities: d7a19615cd7627688afcf181737f1011ee8b5a23
  GoogleInterchangeUtilities: def8415a862effc67d549d5b5b0b9c7a2f97d4de
  GoogleNetworkingUtilities: 3e83269048cfb498dc7ec83ab36813360965c74f
  GoogleParsingUtilities: 30b3896f9ee167dc78747f013d3de157ced1cadf
  GoogleSignIn: 09036ed61f8e75f1424100d63f7719480b2428c3
  GoogleSymbolUtilities: 33117db1b5f290c6fbf259585e4885b4c84b98d7
  GoogleUtilities: 56c5ac05b7aa5dc417a1bb85221a9516e04d7032
  PureLayout: 4d550abe49a94f24c2808b9b95db9131685fe4cd
  SnapKit: 0dd2fd157330f1ea11fd84da13e6be8a7a22bae0
  SwiftFontName: 7c3fdb6fc334cd4a8f2953c450a7b40c8d1400e4
  SwiftyButton: fffcc0d82b2b5f9ec1681f20ee9c67bed0d5c73b
  SwiftyJSON: 04ccea08915aa0109039157c7974cf0298da292a
  USStatesColorMap: 8f62f36ed692590d5c33fac313dd7dca429e167d

PODFILE CHECKSUM: b5cbe4b4b710ca7799bdd6839aaae9a2e1d6b78b

COCOAPODS: 1.0.1
